
Microsoft Visual Studio Solution File, Format Version 12.00
# Visual Studio Version 17
VisualStudioVersion = 17.7.34302.85
MinimumVisualStudioVersion = 10.0.40219.1
Project("{FAE04EC0-301F-11D3-BF4B-00C04F79EFBC}") = "ShipFdApp", "ShipFdApp\ShipFdApp.csproj", "{80D3648F-A1F1-4DB8-A45B-0259E49B2E91}"
EndProject
Project("{FAE04EC0-301F-11D3-BF4B-00C04F79EFBC}") = "StationFdApp", "StationFdApp\StationFdApp.csproj", "{B118656E-CD31-4371-8D96-20A11AE3DF23}"
EndProject
Project("{2150E333-8FDC-42A3-9474-1A3956D46DE8}") = "Docs", "Docs", "{F7FF8626-02B4-43A6-86D4-282D3ACDE5EE}"
	ProjectSection(SolutionItems) = preProject
		README.md = README.md
		stms.jpg = stms.jpg
	EndProjectSection
EndProject
Global
	GlobalSection(SolutionConfigurationPlatforms) = preSolution
		Debug|Any CPU = Debug|Any CPU
		Release|Any CPU = Release|Any CPU
	EndGlobalSection
	GlobalSection(ProjectConfigurationPlatforms) = postSolution
		{80D3648F-A1F1-4DB8-A45B-0259E49B2E91}.Debug|Any CPU.ActiveCfg = Debug|Any CPU
		{80D3648F-A1F1-4DB8-A45B-0259E49B2E91}.Debug|Any CPU.Build.0 = Debug|Any CPU
		{80D3648F-A1F1-4DB8-A45B-0259E49B2E91}.Release|Any CPU.ActiveCfg = Release|x64
		{80D3648F-A1F1-4DB8-A45B-0259E49B2E91}.Release|Any CPU.Build.0 = Release|x64
		{B118656E-CD31-4371-8D96-20A11AE3DF23}.Debug|Any CPU.ActiveCfg = Debug|Any CPU
		{B118656E-CD31-4371-8D96-20A11AE3DF23}.Debug|Any CPU.Build.0 = Debug|Any CPU
		{B118656E-CD31-4371-8D96-20A11AE3DF23}.Release|Any CPU.ActiveCfg = Release|x64
		{B118656E-CD31-4371-8D96-20A11AE3DF23}.Release|Any CPU.Build.0 = Release|x64
	EndGlobalSection
	GlobalSection(SolutionProperties) = preSolution
		HideSolutionNode = FALSE
	EndGlobalSection
	GlobalSection(ExtensibilityGlobals) = postSolution
		SolutionGuid = {30749270-5737-49DC-8776-66361F784B4F}
	EndGlobalSection
EndGlobal
